// !$*UTF8*$!
{
	archiveVersion = 1;
	classes = {
	};
	objectVersion = 46;
	objects = {

/* Begin PBXBuildFile section */
		5022DD261F0E107500D8483C /* JackpotRising.h in Headers */ = {isa = PBXBuildFile; fileRef = 5022DD241F0E107500D8483C /* JackpotRising.h */; settings = {ATTRIBUTES = (Public, ); }; };
		50A204E81F0E4DBD00187DCA /* Assets.xcassets in Resources */ = {isa = PBXBuildFile; fileRef = 50A204E31F0E4DBD00187DCA /* Assets.xcassets */; };
		50A204E91F0E4DBD00187DCA /* OpenSans-Bold.ttf in Resources */ = {isa = PBXBuildFile; fileRef = 50A204E41F0E4DBD00187DCA /* OpenSans-Bold.ttf */; };
		50A204EA1F0E4DBD00187DCA /* OpenSans-ExtraBold.ttf in Resources */ = {isa = PBXBuildFile; fileRef = 50A204E51F0E4DBD00187DCA /* OpenSans-ExtraBold.ttf */; };
		50A204EB1F0E4DBD00187DCA /* OpenSans-Light.ttf in Resources */ = {isa = PBXBuildFile; fileRef = 50A204E61F0E4DBD00187DCA /* OpenSans-Light.ttf */; };
		50A204EC1F0E4DBD00187DCA /* OpenSans-Regular.ttf in Resources */ = {isa = PBXBuildFile; fileRef = 50A204E71F0E4DBD00187DCA /* OpenSans-Regular.ttf */; };
		50C8B5E01F0E143C00A6F4E4 /* JRMain.storyboard in Resources */ = {isa = PBXBuildFile; fileRef = 50C8B5DF1F0E143C00A6F4E4 /* JRMain.storyboard */; };
		50C8B5E21F0E1E9000A6F4E4 /* JackpotRising.swift in Sources */ = {isa = PBXBuildFile; fileRef = 50C8B5E11F0E1E9000A6F4E4 /* JackpotRising.swift */; };
		50C8B5E81F0E304200A6F4E4 /* Extensions.swift in Sources */ = {isa = PBXBuildFile; fileRef = 50C8B5E71F0E304200A6F4E4 /* Extensions.swift */; };
		50C8B5EA1F0E327200A6F4E4 /* Constants.swift in Sources */ = {isa = PBXBuildFile; fileRef = 50C8B5E91F0E327200A6F4E4 /* Constants.swift */; };
		50C8B5ED1F0E330D00A6F4E4 /* NSString+JackpotRising.h in Headers */ = {isa = PBXBuildFile; fileRef = 50C8B5EB1F0E330D00A6F4E4 /* NSString+JackpotRising.h */; settings = {ATTRIBUTES = (Public, ); }; };
		50C8B5EE1F0E330D00A6F4E4 /* NSString+JackpotRising.m in Sources */ = {isa = PBXBuildFile; fileRef = 50C8B5EC1F0E330D00A6F4E4 /* NSString+JackpotRising.m */; };
		C297B60B1F0E525C009E9945 /* JRBottomBarViewController.swift in Sources */ = {isa = PBXBuildFile; fileRef = C297B6071F0E525C009E9945 /* JRBottomBarViewController.swift */; };
		C297B60C1F0E525C009E9945 /* JRContainerViewController.swift in Sources */ = {isa = PBXBuildFile; fileRef = C297B6081F0E525C009E9945 /* JRContainerViewController.swift */; };
		C297B60D1F0E525C009E9945 /* JRContentViewController.swift in Sources */ = {isa = PBXBuildFile; fileRef = C297B6091F0E525C009E9945 /* JRContentViewController.swift */; };
		C297B60E1F0E525C009E9945 /* JRTopBarViewController.swift in Sources */ = {isa = PBXBuildFile; fileRef = C297B60A1F0E525C009E9945 /* JRTopBarViewController.swift */; };
		C297B6101F0E52BC009E9945 /* JRRegisterViewController.swift in Sources */ = {isa = PBXBuildFile; fileRef = C297B60F1F0E52BB009E9945 /* JRRegisterViewController.swift */; };
		C297B6121F0E52C8009E9945 /* JRLoginViewController.swift in Sources */ = {isa = PBXBuildFile; fileRef = C297B6111F0E52C8009E9945 /* JRLoginViewController.swift */; };
		C297B6141F0E530C009E9945 /* JRSegue.swift in Sources */ = {isa = PBXBuildFile; fileRef = C297B6131F0E530C009E9945 /* JRSegue.swift */; };
/* End PBXBuildFile section */

/* Begin PBXFileReference section */
		5022DD211F0E107500D8483C /* JackpotRising.framework */ = {isa = PBXFileReference; explicitFileType = wrapper.framework; includeInIndex = 0; path = JackpotRising.framework; sourceTree = BUILT_PRODUCTS_DIR; };
		5022DD241F0E107500D8483C /* JackpotRising.h */ = {isa = PBXFileReference; lastKnownFileType = sourcecode.c.h; path = JackpotRising.h; sourceTree = "<group>"; };
		5022DD251F0E107500D8483C /* Info.plist */ = {isa = PBXFileReference; lastKnownFileType = text.plist.xml; path = Info.plist; sourceTree = "<group>"; };
		50A204E11F0E4B9F00187DCA /* module.modulemap */ = {isa = PBXFileReference; fileEncoding = 4; lastKnownFileType = "sourcecode.module-map"; path = module.modulemap; sourceTree = "<group>"; };
		50A204E31F0E4DBD00187DCA /* Assets.xcassets */ = {isa = PBXFileReference; lastKnownFileType = folder.assetcatalog; path = Assets.xcassets; sourceTree = "<group>"; };
		50A204E41F0E4DBD00187DCA /* OpenSans-Bold.ttf */ = {isa = PBXFileReference; lastKnownFileType = file; path = "OpenSans-Bold.ttf"; sourceTree = "<group>"; };
		50A204E51F0E4DBD00187DCA /* OpenSans-ExtraBold.ttf */ = {isa = PBXFileReference; lastKnownFileType = file; path = "OpenSans-ExtraBold.ttf"; sourceTree = "<group>"; };
		50A204E61F0E4DBD00187DCA /* OpenSans-Light.ttf */ = {isa = PBXFileReference; lastKnownFileType = file; path = "OpenSans-Light.ttf"; sourceTree = "<group>"; };
		50A204E71F0E4DBD00187DCA /* OpenSans-Regular.ttf */ = {isa = PBXFileReference; lastKnownFileType = file; path = "OpenSans-Regular.ttf"; sourceTree = "<group>"; };
		50C8B5DF1F0E143C00A6F4E4 /* JRMain.storyboard */ = {isa = PBXFileReference; fileEncoding = 4; lastKnownFileType = file.storyboard; path = JRMain.storyboard; sourceTree = "<group>"; };
		50C8B5E11F0E1E9000A6F4E4 /* JackpotRising.swift */ = {isa = PBXFileReference; fileEncoding = 4; lastKnownFileType = sourcecode.swift; path = JackpotRising.swift; sourceTree = "<group>"; };
		50C8B5E71F0E304200A6F4E4 /* Extensions.swift */ = {isa = PBXFileReference; fileEncoding = 4; lastKnownFileType = sourcecode.swift; path = Extensions.swift; sourceTree = "<group>"; };
		50C8B5E91F0E327200A6F4E4 /* Constants.swift */ = {isa = PBXFileReference; fileEncoding = 4; lastKnownFileType = sourcecode.swift; path = Constants.swift; sourceTree = "<group>"; };
		50C8B5EB1F0E330D00A6F4E4 /* NSString+JackpotRising.h */ = {isa = PBXFileReference; fileEncoding = 4; lastKnownFileType = sourcecode.c.h; path = "NSString+JackpotRising.h"; sourceTree = "<group>"; };
		50C8B5EC1F0E330D00A6F4E4 /* NSString+JackpotRising.m */ = {isa = PBXFileReference; fileEncoding = 4; lastKnownFileType = sourcecode.c.objc; path = "NSString+JackpotRising.m"; sourceTree = "<group>"; };
		C297B6071F0E525C009E9945 /* JRBottomBarViewController.swift */ = {isa = PBXFileReference; fileEncoding = 4; lastKnownFileType = sourcecode.swift; path = JRBottomBarViewController.swift; sourceTree = "<group>"; };
		C297B6081F0E525C009E9945 /* JRContainerViewController.swift */ = {isa = PBXFileReference; fileEncoding = 4; lastKnownFileType = sourcecode.swift; path = JRContainerViewController.swift; sourceTree = "<group>"; };
		C297B6091F0E525C009E9945 /* JRContentViewController.swift */ = {isa = PBXFileReference; fileEncoding = 4; lastKnownFileType = sourcecode.swift; path = JRContentViewController.swift; sourceTree = "<group>"; };
		C297B60A1F0E525C009E9945 /* JRTopBarViewController.swift */ = {isa = PBXFileReference; fileEncoding = 4; lastKnownFileType = sourcecode.swift; path = JRTopBarViewController.swift; sourceTree = "<group>"; };
		C297B60F1F0E52BB009E9945 /* JRRegisterViewController.swift */ = {isa = PBXFileReference; fileEncoding = 4; lastKnownFileType = sourcecode.swift; path = JRRegisterViewController.swift; sourceTree = "<group>"; };
		C297B6111F0E52C8009E9945 /* JRLoginViewController.swift */ = {isa = PBXFileReference; fileEncoding = 4; lastKnownFileType = sourcecode.swift; path = JRLoginViewController.swift; sourceTree = "<group>"; };
		C297B6131F0E530C009E9945 /* JRSegue.swift */ = {isa = PBXFileReference; fileEncoding = 4; lastKnownFileType = sourcecode.swift; path = JRSegue.swift; sourceTree = "<group>"; };
/* End PBXFileReference section */

/* Begin PBXFrameworksBuildPhase section */
		5022DD1D1F0E107500D8483C /* Frameworks */ = {
			isa = PBXFrameworksBuildPhase;
			buildActionMask = 2147483647;
			files = (
			);
			runOnlyForDeploymentPostprocessing = 0;
		};
/* End PBXFrameworksBuildPhase section */

/* Begin PBXGroup section */
		5022DD171F0E107500D8483C = {
			isa = PBXGroup;
			children = (
				5022DD231F0E107500D8483C /* JackpotRising */,
				5022DD221F0E107500D8483C /* Products */,
			);
			sourceTree = "<group>";
		};
		5022DD221F0E107500D8483C /* Products */ = {
			isa = PBXGroup;
			children = (
				5022DD211F0E107500D8483C /* JackpotRising.framework */,
			);
			name = Products;
			sourceTree = "<group>";
		};
		5022DD231F0E107500D8483C /* JackpotRising */ = {
			isa = PBXGroup;
			children = (
				50A204E21F0E4DBD00187DCA /* Resources */,
				50C8B5DD1F0E13F400A6F4E4 /* Models */,
				50C8B5DE1F0E13F400A6F4E4 /* Views */,
				50C8B5DC1F0E13F400A6F4E4 /* Controllers */,
				5022DD241F0E107500D8483C /* JackpotRising.h */,
				5022DD251F0E107500D8483C /* Info.plist */,
				50A204E11F0E4B9F00187DCA /* module.modulemap */,
			);
			path = JackpotRising;
			sourceTree = "<group>";
		};
		50A204E21F0E4DBD00187DCA /* Resources */ = {
			isa = PBXGroup;
			children = (
				50A204E31F0E4DBD00187DCA /* Assets.xcassets */,
				50A204E41F0E4DBD00187DCA /* OpenSans-Bold.ttf */,
				50A204E51F0E4DBD00187DCA /* OpenSans-ExtraBold.ttf */,
				50A204E61F0E4DBD00187DCA /* OpenSans-Light.ttf */,
				50A204E71F0E4DBD00187DCA /* OpenSans-Regular.ttf */,
			);
			path = Resources;
			sourceTree = "<group>";
		};
		50C8B5DC1F0E13F400A6F4E4 /* Controllers */ = {
			isa = PBXGroup;
			children = (
				C297B6071F0E525C009E9945 /* JRBottomBarViewController.swift */,
				C297B6081F0E525C009E9945 /* JRContainerViewController.swift */,
				C297B6091F0E525C009E9945 /* JRContentViewController.swift */,
				C297B60F1F0E52BB009E9945 /* JRRegisterViewController.swift */,
				C297B6111F0E52C8009E9945 /* JRLoginViewController.swift */,
				C297B60A1F0E525C009E9945 /* JRTopBarViewController.swift */,
				50C8B5E11F0E1E9000A6F4E4 /* JackpotRising.swift */,
				C297B6131F0E530C009E9945 /* JRSegue.swift */,
			);
			path = Controllers;
			sourceTree = "<group>";
		};
		50C8B5DD1F0E13F400A6F4E4 /* Models */ = {
			isa = PBXGroup;
			children = (
				50C8B5E61F0E303B00A6F4E4 /* Helpers */,
			);
			path = Models;
			sourceTree = "<group>";
		};
		50C8B5DE1F0E13F400A6F4E4 /* Views */ = {
			isa = PBXGroup;
			children = (
				50C8B5DF1F0E143C00A6F4E4 /* JRMain.storyboard */,
			);
			path = Views;
			sourceTree = "<group>";
		};
		50C8B5E61F0E303B00A6F4E4 /* Helpers */ = {
			isa = PBXGroup;
			children = (
				50C8B5EB1F0E330D00A6F4E4 /* NSString+JackpotRising.h */,
				50C8B5EC1F0E330D00A6F4E4 /* NSString+JackpotRising.m */,
				50C8B5E71F0E304200A6F4E4 /* Extensions.swift */,
				50C8B5E91F0E327200A6F4E4 /* Constants.swift */,
			);
			path = Helpers;
			sourceTree = "<group>";
		};
/* End PBXGroup section */

/* Begin PBXHeadersBuildPhase section */
		5022DD1E1F0E107500D8483C /* Headers */ = {
			isa = PBXHeadersBuildPhase;
			buildActionMask = 2147483647;
			files = (
				5022DD261F0E107500D8483C /* JackpotRising.h in Headers */,
				50C8B5ED1F0E330D00A6F4E4 /* NSString+JackpotRising.h in Headers */,
			);
			runOnlyForDeploymentPostprocessing = 0;
		};
/* End PBXHeadersBuildPhase section */

/* Begin PBXNativeTarget section */
		5022DD201F0E107500D8483C /* JackpotRising */ = {
			isa = PBXNativeTarget;
			buildConfigurationList = 5022DD291F0E107500D8483C /* Build configuration list for PBXNativeTarget "JackpotRising" */;
			buildPhases = (
				5022DD1C1F0E107500D8483C /* Sources */,
				5022DD1D1F0E107500D8483C /* Frameworks */,
				5022DD1E1F0E107500D8483C /* Headers */,
				5022DD1F1F0E107500D8483C /* Resources */,
			);
			buildRules = (
			);
			dependencies = (
			);
			name = JackpotRising;
			productName = JackpotRising;
			productReference = 5022DD211F0E107500D8483C /* JackpotRising.framework */;
			productType = "com.apple.product-type.framework";
		};
/* End PBXNativeTarget section */

/* Begin PBXProject section */
		5022DD181F0E107500D8483C /* Project object */ = {
			isa = PBXProject;
			attributes = {
				CLASSPREFIX = JR;
				LastUpgradeCheck = 0830;
				ORGANIZATIONNAME = JackpotRising;
				TargetAttributes = {
					5022DD201F0E107500D8483C = {
						CreatedOnToolsVersion = 8.3.1;
						LastSwiftMigration = 0830;
						ProvisioningStyle = Manual;
					};
				};
			};
			buildConfigurationList = 5022DD1B1F0E107500D8483C /* Build configuration list for PBXProject "JackpotRising" */;
			compatibilityVersion = "Xcode 3.2";
			developmentRegion = English;
			hasScannedForEncodings = 0;
			knownRegions = (
				en,
			);
			mainGroup = 5022DD171F0E107500D8483C;
			productRefGroup = 5022DD221F0E107500D8483C /* Products */;
			projectDirPath = "";
			projectRoot = "";
			targets = (
				5022DD201F0E107500D8483C /* JackpotRising */,
			);
		};
/* End PBXProject section */

/* Begin PBXResourcesBuildPhase section */
		5022DD1F1F0E107500D8483C /* Resources */ = {
			isa = PBXResourcesBuildPhase;
			buildActionMask = 2147483647;
			files = (
				50A204E81F0E4DBD00187DCA /* Assets.xcassets in Resources */,
				50C8B5E01F0E143C00A6F4E4 /* JRMain.storyboard in Resources */,
				50A204E91F0E4DBD00187DCA /* OpenSans-Bold.ttf in Resources */,
				50A204EB1F0E4DBD00187DCA /* OpenSans-Light.ttf in Resources */,
				50A204EC1F0E4DBD00187DCA /* OpenSans-Regular.ttf in Resources */,
				50A204EA1F0E4DBD00187DCA /* OpenSans-ExtraBold.ttf in Resources */,
			);
			runOnlyForDeploymentPostprocessing = 0;
		};
/* End PBXResourcesBuildPhase section */

/* Begin PBXSourcesBuildPhase section */
		5022DD1C1F0E107500D8483C /* Sources */ = {
			isa = PBXSourcesBuildPhase;
			buildActionMask = 2147483647;
			files = (
				C297B6121F0E52C8009E9945 /* JRLoginViewController.swift in Sources */,
				50C8B5E21F0E1E9000A6F4E4 /* JackpotRising.swift in Sources */,
				50C8B5E81F0E304200A6F4E4 /* Extensions.swift in Sources */,
				C297B60E1F0E525C009E9945 /* JRTopBarViewController.swift in Sources */,
				C297B60C1F0E525C009E9945 /* JRContainerViewController.swift in Sources */,
				50C8B5EE1F0E330D00A6F4E4 /* NSString+JackpotRising.m in Sources */,
				C297B60D1F0E525C009E9945 /* JRContentViewController.swift in Sources */,
				C297B6141F0E530C009E9945 /* JRSegue.swift in Sources */,
				C297B6101F0E52BC009E9945 /* JRRegisterViewController.swift in Sources */,
				50C8B5EA1F0E327200A6F4E4 /* Constants.swift in Sources */,
				C297B60B1F0E525C009E9945 /* JRBottomBarViewController.swift in Sources */,
			);
			runOnlyForDeploymentPostprocessing = 0;
		};
/* End PBXSourcesBuildPhase section */

/* Begin XCBuildConfiguration section */
		5022DD271F0E107500D8483C /* Debug */ = {
			isa = XCBuildConfiguration;
			buildSettings = {
				ALWAYS_SEARCH_USER_PATHS = NO;
				CLANG_ANALYZER_NONNULL = YES;
				CLANG_ANALYZER_NUMBER_OBJECT_CONVERSION = YES_AGGRESSIVE;
				CLANG_CXX_LANGUAGE_STANDARD = "gnu++0x";
				CLANG_CXX_LIBRARY = "libc++";
				CLANG_ENABLE_MODULES = YES;
				CLANG_ENABLE_OBJC_ARC = YES;
				CLANG_WARN_BOOL_CONVERSION = YES;
				CLANG_WARN_CONSTANT_CONVERSION = YES;
				CLANG_WARN_DIRECT_OBJC_ISA_USAGE = YES_ERROR;
				CLANG_WARN_DOCUMENTATION_COMMENTS = YES;
				CLANG_WARN_EMPTY_BODY = YES;
				CLANG_WARN_ENUM_CONVERSION = YES;
				CLANG_WARN_INFINITE_RECURSION = YES;
				CLANG_WARN_INT_CONVERSION = YES;
				CLANG_WARN_OBJC_ROOT_CLASS = YES_ERROR;
				CLANG_WARN_SUSPICIOUS_MOVE = YES;
				CLANG_WARN_UNREACHABLE_CODE = YES;
				CLANG_WARN__DUPLICATE_METHOD_MATCH = YES;
				"CODE_SIGN_IDENTITY[sdk=iphoneos*]" = "iPhone Developer";
				COPY_PHASE_STRIP = NO;
				CURRENT_PROJECT_VERSION = 1;
				DEBUG_INFORMATION_FORMAT = dwarf;
				ENABLE_STRICT_OBJC_MSGSEND = YES;
				ENABLE_TESTABILITY = YES;
				GCC_C_LANGUAGE_STANDARD = gnu99;
				GCC_DYNAMIC_NO_PIC = NO;
				GCC_NO_COMMON_BLOCKS = YES;
				GCC_OPTIMIZATION_LEVEL = 0;
				GCC_PREPROCESSOR_DEFINITIONS = (
					"DEBUG=1",
					"$(inherited)",
				);
				GCC_WARN_64_TO_32_BIT_CONVERSION = YES;
				GCC_WARN_ABOUT_RETURN_TYPE = YES_ERROR;
				GCC_WARN_UNDECLARED_SELECTOR = YES;
				GCC_WARN_UNINITIALIZED_AUTOS = YES_AGGRESSIVE;
				GCC_WARN_UNUSED_FUNCTION = YES;
				GCC_WARN_UNUSED_VARIABLE = YES;
				IPHONEOS_DEPLOYMENT_TARGET = 10.3;
				MTL_ENABLE_DEBUG_INFO = YES;
				ONLY_ACTIVE_ARCH = YES;
				SDKROOT = iphoneos;
				SWIFT_ACTIVE_COMPILATION_CONDITIONS = DEBUG;
				SWIFT_OPTIMIZATION_LEVEL = "-Onone";
				TARGETED_DEVICE_FAMILY = "1,2";
				VERSIONING_SYSTEM = "apple-generic";
				VERSION_INFO_PREFIX = "";
			};
			name = Debug;
		};
		5022DD281F0E107500D8483C /* Release */ = {
			isa = XCBuildConfiguration;
			buildSettings = {
				ALWAYS_SEARCH_USER_PATHS = NO;
				CLANG_ANALYZER_NONNULL = YES;
				CLANG_ANALYZER_NUMBER_OBJECT_CONVERSION = YES_AGGRESSIVE;
				CLANG_CXX_LANGUAGE_STANDARD = "gnu++0x";
				CLANG_CXX_LIBRARY = "libc++";
				CLANG_ENABLE_MODULES = YES;
				CLANG_ENABLE_OBJC_ARC = YES;
				CLANG_WARN_BOOL_CONVERSION = YES;
				CLANG_WARN_CONSTANT_CONVERSION = YES;
				CLANG_WARN_DIRECT_OBJC_ISA_USAGE = YES_ERROR;
				CLANG_WARN_DOCUMENTATION_COMMENTS = YES;
				CLANG_WARN_EMPTY_BODY = YES;
				CLANG_WARN_ENUM_CONVERSION = YES;
				CLANG_WARN_INFINITE_RECURSION = YES;
				CLANG_WARN_INT_CONVERSION = YES;
				CLANG_WARN_OBJC_ROOT_CLASS = YES_ERROR;
				CLANG_WARN_SUSPICIOUS_MOVE = YES;
				CLANG_WARN_UNREACHABLE_CODE = YES;
				CLANG_WARN__DUPLICATE_METHOD_MATCH = YES;
				"CODE_SIGN_IDENTITY[sdk=iphoneos*]" = "iPhone Developer";
				COPY_PHASE_STRIP = NO;
				CURRENT_PROJECT_VERSION = 1;
				DEBUG_INFORMATION_FORMAT = "dwarf-with-dsym";
				ENABLE_NS_ASSERTIONS = NO;
				ENABLE_STRICT_OBJC_MSGSEND = YES;
				GCC_C_LANGUAGE_STANDARD = gnu99;
				GCC_NO_COMMON_BLOCKS = YES;
				GCC_WARN_64_TO_32_BIT_CONVERSION = YES;
				GCC_WARN_ABOUT_RETURN_TYPE = YES_ERROR;
				GCC_WARN_UNDECLARED_SELECTOR = YES;
				GCC_WARN_UNINITIALIZED_AUTOS = YES_AGGRESSIVE;
				GCC_WARN_UNUSED_FUNCTION = YES;
				GCC_WARN_UNUSED_VARIABLE = YES;
				IPHONEOS_DEPLOYMENT_TARGET = 10.3;
				MTL_ENABLE_DEBUG_INFO = NO;
				SDKROOT = iphoneos;
				SWIFT_OPTIMIZATION_LEVEL = "-Owholemodule";
				TARGETED_DEVICE_FAMILY = "1,2";
				VALIDATE_PRODUCT = YES;
				VERSIONING_SYSTEM = "apple-generic";
				VERSION_INFO_PREFIX = "";
			};
			name = Release;
		};
		5022DD2A1F0E107500D8483C /* Debug */ = {
			isa = XCBuildConfiguration;
			buildSettings = {
				CLANG_ENABLE_MODULES = YES;
				CODE_SIGN_IDENTITY = "";
				DEFINES_MODULE = YES;
				DEVELOPMENT_TEAM = "";
				DYLIB_COMPATIBILITY_VERSION = 1;
				DYLIB_CURRENT_VERSION = 1;
				DYLIB_INSTALL_NAME_BASE = "@rpath";
				INFOPLIST_FILE = JackpotRising/Info.plist;
				INSTALL_PATH = "$(LOCAL_LIBRARY_DIR)/Frameworks";
				LD_RUNPATH_SEARCH_PATHS = "$(inherited) @executable_path/Frameworks @loader_path/Frameworks";
				MODULEMAP_FILE = "$(SRCROOT)/JackpotRising/module.modulemap";
				PRODUCT_BUNDLE_IDENTIFIER = com.jackpotrising.JackpotRising;
				PRODUCT_NAME = "$(TARGET_NAME)";
				PROVISIONING_PROFILE_SPECIFIER = "";
				SKIP_INSTALL = YES;
				SWIFT_OPTIMIZATION_LEVEL = "-Onone";
				SWIFT_VERSION = 3.0;
			};
			name = Debug;
		};
		5022DD2B1F0E107500D8483C /* Release */ = {
			isa = XCBuildConfiguration;
			buildSettings = {
				CLANG_ENABLE_MODULES = YES;
				CODE_SIGN_IDENTITY = "";
				DEFINES_MODULE = YES;
				DEVELOPMENT_TEAM = "";
				DYLIB_COMPATIBILITY_VERSION = 1;
				DYLIB_CURRENT_VERSION = 1;
				DYLIB_INSTALL_NAME_BASE = "@rpath";
				INFOPLIST_FILE = JackpotRising/Info.plist;
				INSTALL_PATH = "$(LOCAL_LIBRARY_DIR)/Frameworks";
				LD_RUNPATH_SEARCH_PATHS = "$(inherited) @executable_path/Frameworks @loader_path/Frameworks";
				MODULEMAP_FILE = "$(SRCROOT)/JackpotRising/module.modulemap";
				PRODUCT_BUNDLE_IDENTIFIER = com.jackpotrising.JackpotRising;
				PRODUCT_NAME = "$(TARGET_NAME)";
				PROVISIONING_PROFILE_SPECIFIER = "";
				SKIP_INSTALL = YES;
				SWIFT_VERSION = 3.0;
			};
			name = Release;
		};
/* End XCBuildConfiguration section */

/* Begin XCConfigurationList section */
		5022DD1B1F0E107500D8483C /* Build configuration list for PBXProject "JackpotRising" */ = {
			isa = XCConfigurationList;
			buildConfigurations = (
				5022DD271F0E107500D8483C /* Debug */,
				5022DD281F0E107500D8483C /* Release */,
			);
			defaultConfigurationIsVisible = 0;
			defaultConfigurationName = Release;
		};
		5022DD291F0E107500D8483C /* Build configuration list for PBXNativeTarget "JackpotRising" */ = {
			isa = XCConfigurationList;
			buildConfigurations = (
				5022DD2A1F0E107500D8483C /* Debug */,
				5022DD2B1F0E107500D8483C /* Release */,
			);
			defaultConfigurationIsVisible = 0;
			defaultConfigurationName = Release;
		};
/* End XCConfigurationList section */
	};
	rootObject = 5022DD181F0E107500D8483C /* Project object */;
}
